
Microsoft Visual Studio Solution File, Format Version 12.00
Project("{FAE04EC0-301F-11D3-BF4B-00C04F79EFBC}") = "Coursework", "Coursework\Coursework.csproj", "{7A21ACE1-EF31-4FDD-9D7E-D818ABB6EA6A}"
EndProject
Global
	GlobalSection(SolutionConfigurationPlatforms) = preSolution
		Debug|Any CPU = Debug|Any CPU
		Release|Any CPU = Release|Any CPU
	EndGlobalSection
	GlobalSection(ProjectConfigurationPlatforms) = postSolution
		{7A21ACE1-EF31-4FDD-9D7E-D818ABB6EA6A}.Debug|Any CPU.ActiveCfg = Debug|Any CPU
		{7A21ACE1-EF31-4FDD-9D7E-D818ABB6EA6A}.Debug|Any CPU.Build.0 = Debug|Any CPU
		{7A21ACE1-EF31-4FDD-9D7E-D818ABB6EA6A}.Release|Any CPU.ActiveCfg = Release|Any CPU
		{7A21ACE1-EF31-4FDD-9D7E-D818ABB6EA6A}.Release|Any CPU.Build.0 = Release|Any CPU
	EndGlobalSection
EndGlobal
